// !$*UTF8*$!
{
	archiveVersion = 1;
	classes = {
	};
	objectVersion = 52;
	objects = {

/* Begin PBXBuildFile section */
		917B3C1A23B396A30044496E /* AppDelegate.swift in Sources */ = {isa = PBXBuildFile; fileRef = 917B3C1923B396A30044496E /* AppDelegate.swift */; };
		917B3C1C23B396A30044496E /* SceneDelegate.swift in Sources */ = {isa = PBXBuildFile; fileRef = 917B3C1B23B396A30044496E /* SceneDelegate.swift */; };
		917B3C1E23B396A30044496E /* ContentView.swift in Sources */ = {isa = PBXBuildFile; fileRef = 917B3C1D23B396A30044496E /* ContentView.swift */; };
		917B3C2023B396A50044496E /* Assets.xcassets in Resources */ = {isa = PBXBuildFile; fileRef = 917B3C1F23B396A50044496E /* Assets.xcassets */; };
		917B3C2323B396A50044496E /* Preview Assets.xcassets in Resources */ = {isa = PBXBuildFile; fileRef = 917B3C2223B396A50044496E /* Preview Assets.xcassets */; };
		917B3C2623B396A50044496E /* LaunchScreen.storyboard in Resources */ = {isa = PBXBuildFile; fileRef = 917B3C2423B396A50044496E /* LaunchScreen.storyboard */; };
		917B3C3123B396A60044496E /* RossViewKitExampleTests.swift in Sources */ = {isa = PBXBuildFile; fileRef = 917B3C3023B396A60044496E /* RossViewKitExampleTests.swift */; };
		917B3C3C23B396A60044496E /* RossViewKitExampleUITests.swift in Sources */ = {isa = PBXBuildFile; fileRef = 917B3C3B23B396A60044496E /* RossViewKitExampleUITests.swift */; };
		917B3C4B23B396ED0044496E /* RossViewKit in Frameworks */ = {isa = PBXBuildFile; productRef = 917B3C4A23B396ED0044496E /* RossViewKit */; };
/* End PBXBuildFile section */

/* Begin PBXContainerItemProxy section */
		917B3C2D23B396A60044496E /* PBXContainerItemProxy */ = {
			isa = PBXContainerItemProxy;
			containerPortal = 917B3C0E23B396A30044496E /* Project object */;
			proxyType = 1;
			remoteGlobalIDString = 917B3C1523B396A30044496E;
			remoteInfo = RossViewKitExample;
		};
		917B3C3823B396A60044496E /* PBXContainerItemProxy */ = {
			isa = PBXContainerItemProxy;
			containerPortal = 917B3C0E23B396A30044496E /* Project object */;
			proxyType = 1;
			remoteGlobalIDString = 917B3C1523B396A30044496E;
			remoteInfo = RossViewKitExample;
		};
/* End PBXContainerItemProxy section */

/* Begin PBXFileReference section */
		917B3C1623B396A30044496E /* RossViewKitExample.app */ = {isa = PBXFileReference; explicitFileType = wrapper.application; includeInIndex = 0; path = RossViewKitExample.app; sourceTree = BUILT_PRODUCTS_DIR; };
		917B3C1923B396A30044496E /* AppDelegate.swift */ = {isa = PBXFileReference; lastKnownFileType = sourcecode.swift; path = AppDelegate.swift; sourceTree = "<group>"; };
		917B3C1B23B396A30044496E /* SceneDelegate.swift */ = {isa = PBXFileReference; lastKnownFileType = sourcecode.swift; path = SceneDelegate.swift; sourceTree = "<group>"; };
		917B3C1D23B396A30044496E /* ContentView.swift */ = {isa = PBXFileReference; lastKnownFileType = sourcecode.swift; path = ContentView.swift; sourceTree = "<group>"; };
		917B3C1F23B396A50044496E /* Assets.xcassets */ = {isa = PBXFileReference; lastKnownFileType = folder.assetcatalog; path = Assets.xcassets; sourceTree = "<group>"; };
		917B3C2223B396A50044496E /* Preview Assets.xcassets */ = {isa = PBXFileReference; lastKnownFileType = folder.assetcatalog; path = "Preview Assets.xcassets"; sourceTree = "<group>"; };
		917B3C2523B396A50044496E /* Base */ = {isa = PBXFileReference; lastKnownFileType = file.storyboard; name = Base; path = Base.lproj/LaunchScreen.storyboard; sourceTree = "<group>"; };
		917B3C2723B396A50044496E /* Info.plist */ = {isa = PBXFileReference; lastKnownFileType = text.plist.xml; path = Info.plist; sourceTree = "<group>"; };
		917B3C2C23B396A60044496E /* RossViewKitExampleTests.xctest */ = {isa = PBXFileReference; explicitFileType = wrapper.cfbundle; includeInIndex = 0; path = RossViewKitExampleTests.xctest; sourceTree = BUILT_PRODUCTS_DIR; };
		917B3C3023B396A60044496E /* RossViewKitExampleTests.swift */ = {isa = PBXFileReference; lastKnownFileType = sourcecode.swift; path = RossViewKitExampleTests.swift; sourceTree = "<group>"; };
		917B3C3223B396A60044496E /* Info.plist */ = {isa = PBXFileReference; lastKnownFileType = text.plist.xml; path = Info.plist; sourceTree = "<group>"; };
		917B3C3723B396A60044496E /* RossViewKitExampleUITests.xctest */ = {isa = PBXFileReference; explicitFileType = wrapper.cfbundle; includeInIndex = 0; path = RossViewKitExampleUITests.xctest; sourceTree = BUILT_PRODUCTS_DIR; };
		917B3C3B23B396A60044496E /* RossViewKitExampleUITests.swift */ = {isa = PBXFileReference; lastKnownFileType = sourcecode.swift; path = RossViewKitExampleUITests.swift; sourceTree = "<group>"; };
		917B3C3D23B396A60044496E /* Info.plist */ = {isa = PBXFileReference; lastKnownFileType = text.plist.xml; path = Info.plist; sourceTree = "<group>"; };
/* End PBXFileReference section */

/* Begin PBXFrameworksBuildPhase section */
		917B3C1323B396A30044496E /* Frameworks */ = {
			isa = PBXFrameworksBuildPhase;
			buildActionMask = 2147483647;
			files = (
				917B3C4B23B396ED0044496E /* RossViewKit in Frameworks */,
			);
			runOnlyForDeploymentPostprocessing = 0;
		};
		917B3C2923B396A60044496E /* Frameworks */ = {
			isa = PBXFrameworksBuildPhase;
			buildActionMask = 2147483647;
			files = (
			);
			runOnlyForDeploymentPostprocessing = 0;
		};
		917B3C3423B396A60044496E /* Frameworks */ = {
			isa = PBXFrameworksBuildPhase;
			buildActionMask = 2147483647;
			files = (
			);
			runOnlyForDeploymentPostprocessing = 0;
		};
/* End PBXFrameworksBuildPhase section */

/* Begin PBXGroup section */
		917B3C0D23B396A30044496E = {
			isa = PBXGroup;
			children = (
				917B3C1823B396A30044496E /* RossViewKitExample */,
				917B3C2F23B396A60044496E /* RossViewKitExampleTests */,
				917B3C3A23B396A60044496E /* RossViewKitExampleUITests */,
				917B3C1723B396A30044496E /* Products */,
			);
			sourceTree = "<group>";
		};
		917B3C1723B396A30044496E /* Products */ = {
			isa = PBXGroup;
			children = (
				917B3C1623B396A30044496E /* RossViewKitExample.app */,
				917B3C2C23B396A60044496E /* RossViewKitExampleTests.xctest */,
				917B3C3723B396A60044496E /* RossViewKitExampleUITests.xctest */,
			);
			name = Products;
			sourceTree = "<group>";
		};
		917B3C1823B396A30044496E /* RossViewKitExample */ = {
			isa = PBXGroup;
			children = (
				917B3C1923B396A30044496E /* AppDelegate.swift */,
				917B3C1B23B396A30044496E /* SceneDelegate.swift */,
				917B3C1D23B396A30044496E /* ContentView.swift */,
				917B3C1F23B396A50044496E /* Assets.xcassets */,
				917B3C2423B396A50044496E /* LaunchScreen.storyboard */,
				917B3C2723B396A50044496E /* Info.plist */,
				917B3C2123B396A50044496E /* Preview Content */,
			);
			path = RossViewKitExample;
			sourceTree = "<group>";
		};
		917B3C2123B396A50044496E /* Preview Content */ = {
			isa = PBXGroup;
			children = (
				917B3C2223B396A50044496E /* Preview Assets.xcassets */,
			);
			path = "Preview Content";
			sourceTree = "<group>";
		};
		917B3C2F23B396A60044496E /* RossViewKitExampleTests */ = {
			isa = PBXGroup;
			children = (
				917B3C3023B396A60044496E /* RossViewKitExampleTests.swift */,
				917B3C3223B396A60044496E /* Info.plist */,
			);
			path = RossViewKitExampleTests;
			sourceTree = "<group>";
		};
		917B3C3A23B396A60044496E /* RossViewKitExampleUITests */ = {
			isa = PBXGroup;
			children = (
				917B3C3B23B396A60044496E /* RossViewKitExampleUITests.swift */,
				917B3C3D23B396A60044496E /* Info.plist */,
			);
			path = RossViewKitExampleUITests;
			sourceTree = "<group>";
		};
/* End PBXGroup section */

/* Begin PBXNativeTarget section */
		917B3C1523B396A30044496E /* RossViewKitExample */ = {
			isa = PBXNativeTarget;
			buildConfigurationList = 917B3C4023B396A60044496E /* Build configuration list for PBXNativeTarget "RossViewKitExample" */;
			buildPhases = (
				917B3C1223B396A30044496E /* Sources */,
				917B3C1323B396A30044496E /* Frameworks */,
				917B3C1423B396A30044496E /* Resources */,
			);
			buildRules = (
			);
			dependencies = (
			);
			name = RossViewKitExample;
			packageProductDependencies = (
				917B3C4A23B396ED0044496E /* RossViewKit */,
			);
			productName = RossViewKitExample;
			productReference = 917B3C1623B396A30044496E /* RossViewKitExample.app */;
			productType = "com.apple.product-type.application";
		};
		917B3C2B23B396A60044496E /* RossViewKitExampleTests */ = {
			isa = PBXNativeTarget;
			buildConfigurationList = 917B3C4323B396A60044496E /* Build configuration list for PBXNativeTarget "RossViewKitExampleTests" */;
			buildPhases = (
				917B3C2823B396A60044496E /* Sources */,
				917B3C2923B396A60044496E /* Frameworks */,
				917B3C2A23B396A60044496E /* Resources */,
			);
			buildRules = (
			);
			dependencies = (
				917B3C2E23B396A60044496E /* PBXTargetDependency */,
			);
			name = RossViewKitExampleTests;
			productName = RossViewKitExampleTests;
			productReference = 917B3C2C23B396A60044496E /* RossViewKitExampleTests.xctest */;
			productType = "com.apple.product-type.bundle.unit-test";
		};
		917B3C3623B396A60044496E /* RossViewKitExampleUITests */ = {
			isa = PBXNativeTarget;
			buildConfigurationList = 917B3C4623B396A60044496E /* Build configuration list for PBXNativeTarget "RossViewKitExampleUITests" */;
			buildPhases = (
				917B3C3323B396A60044496E /* Sources */,
				917B3C3423B396A60044496E /* Frameworks */,
				917B3C3523B396A60044496E /* Resources */,
			);
			buildRules = (
			);
			dependencies = (
				917B3C3923B396A60044496E /* PBXTargetDependency */,
			);
			name = RossViewKitExampleUITests;
			productName = RossViewKitExampleUITests;
			productReference = 917B3C3723B396A60044496E /* RossViewKitExampleUITests.xctest */;
			productType = "com.apple.product-type.bundle.ui-testing";
		};
/* End PBXNativeTarget section */

/* Begin PBXProject section */
		917B3C0E23B396A30044496E /* Project object */ = {
			isa = PBXProject;
			attributes = {
				LastSwiftUpdateCheck = 1130;
				LastUpgradeCheck = 1130;
				ORGANIZATIONNAME = "Alexander Ross";
				TargetAttributes = {
					917B3C1523B396A30044496E = {
						CreatedOnToolsVersion = 11.3;
					};
					917B3C2B23B396A60044496E = {
						CreatedOnToolsVersion = 11.3;
						TestTargetID = 917B3C1523B396A30044496E;
					};
					917B3C3623B396A60044496E = {
						CreatedOnToolsVersion = 11.3;
						TestTargetID = 917B3C1523B396A30044496E;
					};
				};
			};
			buildConfigurationList = 917B3C1123B396A30044496E /* Build configuration list for PBXProject "RossViewKitExample" */;
			compatibilityVersion = "Xcode 9.3";
			developmentRegion = en;
			hasScannedForEncodings = 0;
			knownRegions = (
				en,
				Base,
			);
			mainGroup = 917B3C0D23B396A30044496E;
			packageReferences = (
				917B3C4923B396ED0044496E /* XCRemoteSwiftPackageReference "." */,
			);
			productRefGroup = 917B3C1723B396A30044496E /* Products */;
			projectDirPath = "";
			projectRoot = "";
			targets = (
				917B3C1523B396A30044496E /* RossViewKitExample */,
				917B3C2B23B396A60044496E /* RossViewKitExampleTests */,
				917B3C3623B396A60044496E /* RossViewKitExampleUITests */,
			);
		};
/* End PBXProject section */

/* Begin PBXResourcesBuildPhase section */
		917B3C1423B396A30044496E /* Resources */ = {
			isa = PBXResourcesBuildPhase;
			buildActionMask = 2147483647;
			files = (
				917B3C2623B396A50044496E /* LaunchScreen.storyboard in Resources */,
				917B3C2323B396A50044496E /* Preview Assets.xcassets in Resources */,
				917B3C2023B396A50044496E /* Assets.xcassets in Resources */,
			);
			runOnlyForDeploymentPostprocessing = 0;
		};
		917B3C2A23B396A60044496E /* Resources */ = {
			isa = PBXResourcesBuildPhase;
			buildActionMask = 2147483647;
			files = (
			);
			runOnlyForDeploymentPostprocessing = 0;
		};
		917B3C3523B396A60044496E /* Resources */ = {
			isa = PBXResourcesBuildPhase;
			buildActionMask = 2147483647;
			files = (
			);
			runOnlyForDeploymentPostprocessing = 0;
		};
/* End PBXResourcesBuildPhase section */

/* Begin PBXSourcesBuildPhase section */
		917B3C1223B396A30044496E /* Sources */ = {
			isa = PBXSourcesBuildPhase;
			buildActionMask = 2147483647;
			files = (
				917B3C1A23B396A30044496E /* AppDelegate.swift in Sources */,
				917B3C1C23B396A30044496E /* SceneDelegate.swift in Sources */,
				917B3C1E23B396A30044496E /* ContentView.swift in Sources */,
			);
			runOnlyForDeploymentPostprocessing = 0;
		};
		917B3C2823B396A60044496E /* Sources */ = {
			isa = PBXSourcesBuildPhase;
			buildActionMask = 2147483647;
			files = (
				917B3C3123B396A60044496E /* RossViewKitExampleTests.swift in Sources */,
			);
			runOnlyForDeploymentPostprocessing = 0;
		};
		917B3C3323B396A60044496E /* Sources */ = {
			isa = PBXSourcesBuildPhase;
			buildActionMask = 2147483647;
			files = (
				917B3C3C23B396A60044496E /* RossViewKitExampleUITests.swift in Sources */,
			);
			runOnlyForDeploymentPostprocessing = 0;
		};
/* End PBXSourcesBuildPhase section */

/* Begin PBXTargetDependency section */
		917B3C2E23B396A60044496E /* PBXTargetDependency */ = {
			isa = PBXTargetDependency;
			target = 917B3C1523B396A30044496E /* RossViewKitExample */;
			targetProxy = 917B3C2D23B396A60044496E /* PBXContainerItemProxy */;
		};
		917B3C3923B396A60044496E /* PBXTargetDependency */ = {
			isa = PBXTargetDependency;
			target = 917B3C1523B396A30044496E /* RossViewKitExample */;
			targetProxy = 917B3C3823B396A60044496E /* PBXContainerItemProxy */;
		};
/* End PBXTargetDependency section */

/* Begin PBXVariantGroup section */
		917B3C2423B396A50044496E /* LaunchScreen.storyboard */ = {
			isa = PBXVariantGroup;
			children = (
				917B3C2523B396A50044496E /* Base */,
			);
			name = LaunchScreen.storyboard;
			sourceTree = "<group>";
		};
/* End PBXVariantGroup section */

/* Begin XCBuildConfiguration section */
		917B3C3E23B396A60044496E /* Debug */ = {
			isa = XCBuildConfiguration;
			buildSettings = {
				ALWAYS_SEARCH_USER_PATHS = NO;
				CLANG_ANALYZER_NONNULL = YES;
				CLANG_ANALYZER_NUMBER_OBJECT_CONVERSION = YES_AGGRESSIVE;
				CLANG_CXX_LANGUAGE_STANDARD = "gnu++14";
				CLANG_CXX_LIBRARY = "libc++";
				CLANG_ENABLE_MODULES = YES;
				CLANG_ENABLE_OBJC_ARC = YES;
				CLANG_ENABLE_OBJC_WEAK = YES;
				CLANG_WARN_BLOCK_CAPTURE_AUTORELEASING = YES;
				CLANG_WARN_BOOL_CONVERSION = YES;
				CLANG_WARN_COMMA = YES;
				CLANG_WARN_CONSTANT_CONVERSION = YES;
				CLANG_WARN_DEPRECATED_OBJC_IMPLEMENTATIONS = YES;
				CLANG_WARN_DIRECT_OBJC_ISA_USAGE = YES_ERROR;
				CLANG_WARN_DOCUMENTATION_COMMENTS = YES;
				CLANG_WARN_EMPTY_BODY = YES;
				CLANG_WARN_ENUM_CONVERSION = YES;
				CLANG_WARN_INFINITE_RECURSION = YES;
				CLANG_WARN_INT_CONVERSION = YES;
				CLANG_WARN_NON_LITERAL_NULL_CONVERSION = YES;
				CLANG_WARN_OBJC_IMPLICIT_RETAIN_SELF = YES;
				CLANG_WARN_OBJC_LITERAL_CONVERSION = YES;
				CLANG_WARN_OBJC_ROOT_CLASS = YES_ERROR;
				CLANG_WARN_RANGE_LOOP_ANALYSIS = YES;
				CLANG_WARN_STRICT_PROTOTYPES = YES;
				CLANG_WARN_SUSPICIOUS_MOVE = YES;
				CLANG_WARN_UNGUARDED_AVAILABILITY = YES_AGGRESSIVE;
				CLANG_WARN_UNREACHABLE_CODE = YES;
				CLANG_WARN__DUPLICATE_METHOD_MATCH = YES;
				COPY_PHASE_STRIP = NO;
				DEBUG_INFORMATION_FORMAT = dwarf;
				ENABLE_STRICT_OBJC_MSGSEND = YES;
				ENABLE_TESTABILITY = YES;
				GCC_C_LANGUAGE_STANDARD = gnu11;
				GCC_DYNAMIC_NO_PIC = NO;
				GCC_NO_COMMON_BLOCKS = YES;
				GCC_OPTIMIZATION_LEVEL = 0;
				GCC_PREPROCESSOR_DEFINITIONS = (
					"DEBUG=1",
					"$(inherited)",
				);
				GCC_WARN_64_TO_32_BIT_CONVERSION = YES;
				GCC_WARN_ABOUT_RETURN_TYPE = YES_ERROR;
				GCC_WARN_UNDECLARED_SELECTOR = YES;
				GCC_WARN_UNINITIALIZED_AUTOS = YES_AGGRESSIVE;
				GCC_WARN_UNUSED_FUNCTION = YES;
				GCC_WARN_UNUSED_VARIABLE = YES;
				IPHONEOS_DEPLOYMENT_TARGET = 13.2;
				MTL_ENABLE_DEBUG_INFO = INCLUDE_SOURCE;
				MTL_FAST_MATH = YES;
				ONLY_ACTIVE_ARCH = YES;
				SDKROOT = iphoneos;
				SWIFT_ACTIVE_COMPILATION_CONDITIONS = DEBUG;
				SWIFT_OPTIMIZATION_LEVEL = "-Onone";
			};
			name = Debug;
		};
		917B3C3F23B396A60044496E /* Release */ = {
			isa = XCBuildConfiguration;
			buildSettings = {
				ALWAYS_SEARCH_USER_PATHS = NO;
				CLANG_ANALYZER_NONNULL = YES;
				CLANG_ANALYZER_NUMBER_OBJECT_CONVERSION = YES_AGGRESSIVE;
				CLANG_CXX_LANGUAGE_STANDARD = "gnu++14";
				CLANG_CXX_LIBRARY = "libc++";
				CLANG_ENABLE_MODULES = YES;
				CLANG_ENABLE_OBJC_ARC = YES;
				CLANG_ENABLE_OBJC_WEAK = YES;
				CLANG_WARN_BLOCK_CAPTURE_AUTORELEASING = YES;
				CLANG_WARN_BOOL_CONVERSION = YES;
				CLANG_WARN_COMMA = YES;
				CLANG_WARN_CONSTANT_CONVERSION = YES;
				CLANG_WARN_DEPRECATED_OBJC_IMPLEMENTATIONS = YES;
				CLANG_WARN_DIRECT_OBJC_ISA_USAGE = YES_ERROR;
				CLANG_WARN_DOCUMENTATION_COMMENTS = YES;
				CLANG_WARN_EMPTY_BODY = YES;
				CLANG_WARN_ENUM_CONVERSION = YES;
				CLANG_WARN_INFINITE_RECURSION = YES;
				CLANG_WARN_INT_CONVERSION = YES;
				CLANG_WARN_NON_LITERAL_NULL_CONVERSION = YES;
				CLANG_WARN_OBJC_IMPLICIT_RETAIN_SELF = YES;
				CLANG_WARN_OBJC_LITERAL_CONVERSION = YES;
				CLANG_WARN_OBJC_ROOT_CLASS = YES_ERROR;
				CLANG_WARN_RANGE_LOOP_ANALYSIS = YES;
				CLANG_WARN_STRICT_PROTOTYPES = YES;
				CLANG_WARN_SUSPICIOUS_MOVE = YES;
				CLANG_WARN_UNGUARDED_AVAILABILITY = YES_AGGRESSIVE;
				CLANG_WARN_UNREACHABLE_CODE = YES;
				CLANG_WARN__DUPLICATE_METHOD_MATCH = YES;
				COPY_PHASE_STRIP = NO;
				DEBUG_INFORMATION_FORMAT = "dwarf-with-dsym";
				ENABLE_NS_ASSERTIONS = NO;
				ENABLE_STRICT_OBJC_MSGSEND = YES;
				GCC_C_LANGUAGE_STANDARD = gnu11;
				GCC_NO_COMMON_BLOCKS = YES;
				GCC_WARN_64_TO_32_BIT_CONVERSION = YES;
				GCC_WARN_ABOUT_RETURN_TYPE = YES_ERROR;
				GCC_WARN_UNDECLARED_SELECTOR = YES;
				GCC_WARN_UNINITIALIZED_AUTOS = YES_AGGRESSIVE;
				GCC_WARN_UNUSED_FUNCTION = YES;
				GCC_WARN_UNUSED_VARIABLE = YES;
				IPHONEOS_DEPLOYMENT_TARGET = 13.2;
				MTL_ENABLE_DEBUG_INFO = NO;
				MTL_FAST_MATH = YES;
				SDKROOT = iphoneos;
				SWIFT_COMPILATION_MODE = wholemodule;
				SWIFT_OPTIMIZATION_LEVEL = "-O";
				VALIDATE_PRODUCT = YES;
			};
			name = Release;
		};
		917B3C4123B396A60044496E /* Debug */ = {
			isa = XCBuildConfiguration;
			buildSettings = {
				ASSETCATALOG_COMPILER_APPICON_NAME = AppIcon;
				CODE_SIGN_STYLE = Automatic;
				DEVELOPMENT_ASSET_PATHS = "\"RossViewKitExample/Preview Content\"";
				DEVELOPMENT_TEAM = 7RS8ZRKD6A;
				ENABLE_PREVIEWS = YES;
				INFOPLIST_FILE = RossViewKitExample/Info.plist;
				LD_RUNPATH_SEARCH_PATHS = (
					"$(inherited)",
					"@executable_path/Frameworks",
				);
				PRODUCT_BUNDLE_IDENTIFIER = se.aross.RossViewKitExample;
				PRODUCT_NAME = "$(TARGET_NAME)";
				SWIFT_VERSION = 5.0;
				TARGETED_DEVICE_FAMILY = "1,2";
			};
			name = Debug;
		};
		917B3C4223B396A60044496E /* Release */ = {
			isa = XCBuildConfiguration;
			buildSettings = {
				ASSETCATALOG_COMPILER_APPICON_NAME = AppIcon;
				CODE_SIGN_STYLE = Automatic;
				DEVELOPMENT_ASSET_PATHS = "\"RossViewKitExample/Preview Content\"";
				DEVELOPMENT_TEAM = 7RS8ZRKD6A;
				ENABLE_PREVIEWS = YES;
				INFOPLIST_FILE = RossViewKitExample/Info.plist;
				LD_RUNPATH_SEARCH_PATHS = (
					"$(inherited)",
					"@executable_path/Frameworks",
				);
				PRODUCT_BUNDLE_IDENTIFIER = se.aross.RossViewKitExample;
				PRODUCT_NAME = "$(TARGET_NAME)";
				SWIFT_VERSION = 5.0;
				TARGETED_DEVICE_FAMILY = "1,2";
			};
			name = Release;
		};
		917B3C4423B396A60044496E /* Debug */ = {
			isa = XCBuildConfiguration;
			buildSettings = {
				ALWAYS_EMBED_SWIFT_STANDARD_LIBRARIES = YES;
				BUNDLE_LOADER = "$(TEST_HOST)";
				CODE_SIGN_STYLE = Automatic;
				DEVELOPMENT_TEAM = 7RS8ZRKD6A;
				INFOPLIST_FILE = RossViewKitExampleTests/Info.plist;
				IPHONEOS_DEPLOYMENT_TARGET = 13.2;
				LD_RUNPATH_SEARCH_PATHS = (
					"$(inherited)",
					"@executable_path/Frameworks",
					"@loader_path/Frameworks",
				);
				PRODUCT_BUNDLE_IDENTIFIER = se.aross.RossViewKitExampleTests;
				PRODUCT_NAME = "$(TARGET_NAME)";
				SWIFT_VERSION = 5.0;
				TARGETED_DEVICE_FAMILY = "1,2";
				TEST_HOST = "$(BUILT_PRODUCTS_DIR)/RossViewKitExample.app/RossViewKitExample";
			};
			name = Debug;
		};
		917B3C4523B396A60044496E /* Release */ = {
			isa = XCBuildConfiguration;
			buildSettings = {
				ALWAYS_EMBED_SWIFT_STANDARD_LIBRARIES = YES;
				BUNDLE_LOADER = "$(TEST_HOST)";
				CODE_SIGN_STYLE = Automatic;
				DEVELOPMENT_TEAM = 7RS8ZRKD6A;
				INFOPLIST_FILE = RossViewKitExampleTests/Info.plist;
				IPHONEOS_DEPLOYMENT_TARGET = 13.2;
				LD_RUNPATH_SEARCH_PATHS = (
					"$(inherited)",
					"@executable_path/Frameworks",
					"@loader_path/Frameworks",
				);
				PRODUCT_BUNDLE_IDENTIFIER = se.aross.RossViewKitExampleTests;
				PRODUCT_NAME = "$(TARGET_NAME)";
				SWIFT_VERSION = 5.0;
				TARGETED_DEVICE_FAMILY = "1,2";
				TEST_HOST = "$(BUILT_PRODUCTS_DIR)/RossViewKitExample.app/RossViewKitExample";
			};
			name = Release;
		};
		917B3C4723B396A60044496E /* Debug */ = {
			isa = XCBuildConfiguration;
			buildSettings = {
				ALWAYS_EMBED_SWIFT_STANDARD_LIBRARIES = YES;
				CODE_SIGN_STYLE = Automatic;
				DEVELOPMENT_TEAM = 7RS8ZRKD6A;
				INFOPLIST_FILE = RossViewKitExampleUITests/Info.plist;
				LD_RUNPATH_SEARCH_PATHS = (
					"$(inherited)",
					"@executable_path/Frameworks",
					"@loader_path/Frameworks",
				);
				PRODUCT_BUNDLE_IDENTIFIER = se.aross.RossViewKitExampleUITests;
				PRODUCT_NAME = "$(TARGET_NAME)";
				SWIFT_VERSION = 5.0;
				TARGETED_DEVICE_FAMILY = "1,2";
				TEST_TARGET_NAME = RossViewKitExample;
			};
			name = Debug;
		};
		917B3C4823B396A60044496E /* Release */ = {
			isa = XCBuildConfiguration;
			buildSettings = {
				ALWAYS_EMBED_SWIFT_STANDARD_LIBRARIES = YES;
				CODE_SIGN_STYLE = Automatic;
				DEVELOPMENT_TEAM = 7RS8ZRKD6A;
				INFOPLIST_FILE = RossViewKitExampleUITests/Info.plist;
				LD_RUNPATH_SEARCH_PATHS = (
					"$(inherited)",
					"@executable_path/Frameworks",
					"@loader_path/Frameworks",
				);
				PRODUCT_BUNDLE_IDENTIFIER = se.aross.RossViewKitExampleUITests;
				PRODUCT_NAME = "$(TARGET_NAME)";
				SWIFT_VERSION = 5.0;
				TARGETED_DEVICE_FAMILY = "1,2";
				TEST_TARGET_NAME = RossViewKitExample;
			};
			name = Release;
		};
/* End XCBuildConfiguration section */

/* Begin XCConfigurationList section */
		917B3C1123B396A30044496E /* Build configuration list for PBXProject "RossViewKitExample" */ = {
			isa = XCConfigurationList;
			buildConfigurations = (
				917B3C3E23B396A60044496E /* Debug */,
				917B3C3F23B396A60044496E /* Release */,
			);
			defaultConfigurationIsVisible = 0;
			defaultConfigurationName = Release;
		};
		917B3C4023B396A60044496E /* Build configuration list for PBXNativeTarget "RossViewKitExample" */ = {
			isa = XCConfigurationList;
			buildConfigurations = (
				917B3C4123B396A60044496E /* Debug */,
				917B3C4223B396A60044496E /* Release */,
			);
			defaultConfigurationIsVisible = 0;
			defaultConfigurationName = Release;
		};
		917B3C4323B396A60044496E /* Build configuration list for PBXNativeTarget "RossViewKitExampleTests" */ = {
			isa = XCConfigurationList;
			buildConfigurations = (
				917B3C4423B396A60044496E /* Debug */,
				917B3C4523B396A60044496E /* Release */,
			);
			defaultConfigurationIsVisible = 0;
			defaultConfigurationName = Release;
		};
		917B3C4623B396A60044496E /* Build configuration list for PBXNativeTarget "RossViewKitExampleUITests" */ = {
			isa = XCConfigurationList;
			buildConfigurations = (
				917B3C4723B396A60044496E /* Debug */,
				917B3C4823B396A60044496E /* Release */,
			);
			defaultConfigurationIsVisible = 0;
			defaultConfigurationName = Release;
		};
/* End XCConfigurationList section */

/* Begin XCRemoteSwiftPackageReference section */
		917B3C4923B396ED0044496E /* XCRemoteSwiftPackageReference "." */ = {
			isa = XCRemoteSwiftPackageReference;
			repositoryURL = ../;
			requirement = {
				branch = master;
				kind = branch;
			};
		};
/* End XCRemoteSwiftPackageReference section */

/* Begin XCSwiftPackageProductDependency section */
		917B3C4A23B396ED0044496E /* RossViewKit */ = {
			isa = XCSwiftPackageProductDependency;
			package = 917B3C4923B396ED0044496E /* XCRemoteSwiftPackageReference "." */;
			productName = RossViewKit;
		};
/* End XCSwiftPackageProductDependency section */
	};
	rootObject = 917B3C0E23B396A30044496E /* Project object */;
}
