{
  "object": {
    "pins": [
      {
        "package": "RossViewKit",
        "repositoryURL": "/Users/ross/code/RossViewKit",
        "state": {
          "branch": "master",
          "revision": "8cbed6456c73803c9f2d3203f3468e17f76ba1f6",
          "version": null
        }
      }
    ]
  },
  "version": 1
}
