{
  "object": {
    "pins": [
      {
        "package": "RossViewKit",
        "repositoryURL": "/Users/ross/code/RossViewKit",
        "state": {
          "branch": "master",
          "revision": "9fe9ff04f66b95edfcda16b01f55bf9e50d6ec4f",
          "version": null
        }
      }
    ]
  },
  "version": 1
}
